// !$*UTF8*$!
{
	archiveVersion = 1;
	classes = {
	};
	objectVersion = 46;
	objects = {

/* Begin PBXBuildFile section */
		13DD26BE1EBA455200E7C293 /* AppDelegate.swift in Sources */ = {isa = PBXBuildFile; fileRef = 13DD26BD1EBA455200E7C293 /* AppDelegate.swift */; };
		13DD26C01EBA455200E7C293 /* HomeViewController.swift in Sources */ = {isa = PBXBuildFile; fileRef = 13DD26BF1EBA455200E7C293 /* HomeViewController.swift */; };
		13DD26C21EBA455200E7C293 /* CalendarViewController.swift in Sources */ = {isa = PBXBuildFile; fileRef = 13DD26C11EBA455200E7C293 /* CalendarViewController.swift */; };
		13DD26C51EBA455200E7C293 /* Main.storyboard in Resources */ = {isa = PBXBuildFile; fileRef = 13DD26C31EBA455200E7C293 /* Main.storyboard */; };
		13DD26C71EBA455200E7C293 /* Assets.xcassets in Resources */ = {isa = PBXBuildFile; fileRef = 13DD26C61EBA455200E7C293 /* Assets.xcassets */; };
		13DD26CA1EBA455200E7C293 /* LaunchScreen.storyboard in Resources */ = {isa = PBXBuildFile; fileRef = 13DD26C81EBA455200E7C293 /* LaunchScreen.storyboard */; };
		13DD26D51EBA455200E7C293 /* lionsAppTests.swift in Sources */ = {isa = PBXBuildFile; fileRef = 13DD26D41EBA455200E7C293 /* lionsAppTests.swift */; };
		13DD26E01EBA455200E7C293 /* lionsAppUITests.swift in Sources */ = {isa = PBXBuildFile; fileRef = 13DD26DF1EBA455200E7C293 /* lionsAppUITests.swift */; };
		13DD26EE1EBA49CA00E7C293 /* MapViewController.swift in Sources */ = {isa = PBXBuildFile; fileRef = 13DD26ED1EBA49CA00E7C293 /* MapViewController.swift */; };
		13DD26F01EBA49E100E7C293 /* MoreViewController.swift in Sources */ = {isa = PBXBuildFile; fileRef = 13DD26EF1EBA49E100E7C293 /* MoreViewController.swift */; };
		13DD26F21EBA4A4100E7C293 /* HelpViewController.swift in Sources */ = {isa = PBXBuildFile; fileRef = 13DD26F11EBA4A4100E7C293 /* HelpViewController.swift */; };
		B7132E4F1EC3DBFA00A570DB /* Fabric.framework in Frameworks */ = {isa = PBXBuildFile; fileRef = B7132E4B1EC3DBFA00A570DB /* Fabric.framework */; };
		B7132E501EC3DBFA00A570DB /* TwitterKit.framework in Frameworks */ = {isa = PBXBuildFile; fileRef = B7132E4C1EC3DBFA00A570DB /* TwitterKit.framework */; };
		B7132E511EC3DBFA00A570DB /* TwitterKitResources.bundle in Resources */ = {isa = PBXBuildFile; fileRef = B7132E4D1EC3DBFA00A570DB /* TwitterKitResources.bundle */; };
		B7132E521EC3DBFA00A570DB /* TwitterCore.framework in Frameworks */ = {isa = PBXBuildFile; fileRef = B7132E4E1EC3DBFA00A570DB /* TwitterCore.framework */; };
/* End PBXBuildFile section */

/* Begin PBXContainerItemProxy section */
		13DD26D11EBA455200E7C293 /* PBXContainerItemProxy */ = {
			isa = PBXContainerItemProxy;
			containerPortal = 13DD26B21EBA455100E7C293 /* Project object */;
			proxyType = 1;
			remoteGlobalIDString = 13DD26B91EBA455200E7C293;
			remoteInfo = lionsApp;
		};
		13DD26DC1EBA455200E7C293 /* PBXContainerItemProxy */ = {
			isa = PBXContainerItemProxy;
			containerPortal = 13DD26B21EBA455100E7C293 /* Project object */;
			proxyType = 1;
			remoteGlobalIDString = 13DD26B91EBA455200E7C293;
			remoteInfo = lionsApp;
		};
/* End PBXContainerItemProxy section */

/* Begin PBXFileReference section */
		13DD26BA1EBA455200E7C293 /* lionsApp.app */ = {isa = PBXFileReference; explicitFileType = wrapper.application; includeInIndex = 0; path = lionsApp.app; sourceTree = BUILT_PRODUCTS_DIR; };
		13DD26BD1EBA455200E7C293 /* AppDelegate.swift */ = {isa = PBXFileReference; lastKnownFileType = sourcecode.swift; path = AppDelegate.swift; sourceTree = "<group>"; };
		13DD26BF1EBA455200E7C293 /* HomeViewController.swift */ = {isa = PBXFileReference; lastKnownFileType = sourcecode.swift; path = HomeViewController.swift; sourceTree = "<group>"; };
		13DD26C11EBA455200E7C293 /* CalendarViewController.swift */ = {isa = PBXFileReference; lastKnownFileType = sourcecode.swift; path = CalendarViewController.swift; sourceTree = "<group>"; };
		13DD26C41EBA455200E7C293 /* Base */ = {isa = PBXFileReference; lastKnownFileType = file.storyboard; name = Base; path = Base.lproj/Main.storyboard; sourceTree = "<group>"; };
		13DD26C61EBA455200E7C293 /* Assets.xcassets */ = {isa = PBXFileReference; lastKnownFileType = folder.assetcatalog; path = Assets.xcassets; sourceTree = "<group>"; };
		13DD26C91EBA455200E7C293 /* Base */ = {isa = PBXFileReference; lastKnownFileType = file.storyboard; name = Base; path = Base.lproj/LaunchScreen.storyboard; sourceTree = "<group>"; };
		13DD26CB1EBA455200E7C293 /* Info.plist */ = {isa = PBXFileReference; lastKnownFileType = text.plist.xml; path = Info.plist; sourceTree = "<group>"; };
		13DD26D01EBA455200E7C293 /* lionsAppTests.xctest */ = {isa = PBXFileReference; explicitFileType = wrapper.cfbundle; includeInIndex = 0; path = lionsAppTests.xctest; sourceTree = BUILT_PRODUCTS_DIR; };
		13DD26D41EBA455200E7C293 /* lionsAppTests.swift */ = {isa = PBXFileReference; lastKnownFileType = sourcecode.swift; path = lionsAppTests.swift; sourceTree = "<group>"; };
		13DD26D61EBA455200E7C293 /* Info.plist */ = {isa = PBXFileReference; lastKnownFileType = text.plist.xml; path = Info.plist; sourceTree = "<group>"; };
		13DD26DB1EBA455200E7C293 /* lionsAppUITests.xctest */ = {isa = PBXFileReference; explicitFileType = wrapper.cfbundle; includeInIndex = 0; path = lionsAppUITests.xctest; sourceTree = BUILT_PRODUCTS_DIR; };
		13DD26DF1EBA455200E7C293 /* lionsAppUITests.swift */ = {isa = PBXFileReference; lastKnownFileType = sourcecode.swift; path = lionsAppUITests.swift; sourceTree = "<group>"; };
		13DD26E11EBA455200E7C293 /* Info.plist */ = {isa = PBXFileReference; lastKnownFileType = text.plist.xml; path = Info.plist; sourceTree = "<group>"; };
		13DD26ED1EBA49CA00E7C293 /* MapViewController.swift */ = {isa = PBXFileReference; fileEncoding = 4; lastKnownFileType = sourcecode.swift; path = MapViewController.swift; sourceTree = "<group>"; };
		13DD26EF1EBA49E100E7C293 /* MoreViewController.swift */ = {isa = PBXFileReference; fileEncoding = 4; lastKnownFileType = sourcecode.swift; path = MoreViewController.swift; sourceTree = "<group>"; };
		13DD26F11EBA4A4100E7C293 /* HelpViewController.swift */ = {isa = PBXFileReference; fileEncoding = 4; lastKnownFileType = sourcecode.swift; path = HelpViewController.swift; sourceTree = "<group>"; };
		B7132E4B1EC3DBFA00A570DB /* Fabric.framework */ = {isa = PBXFileReference; lastKnownFileType = wrapper.framework; path = Fabric.framework; sourceTree = SOURCE_ROOT; };
		B7132E4C1EC3DBFA00A570DB /* TwitterKit.framework */ = {isa = PBXFileReference; lastKnownFileType = wrapper.framework; path = TwitterKit.framework; sourceTree = SOURCE_ROOT; };
		B7132E4D1EC3DBFA00A570DB /* TwitterKitResources.bundle */ = {isa = PBXFileReference; lastKnownFileType = "wrapper.plug-in"; name = TwitterKitResources.bundle; path = TwitterKit.framework/Versions/A/Resources/TwitterKitResources.bundle; sourceTree = SOURCE_ROOT; };
		B7132E4E1EC3DBFA00A570DB /* TwitterCore.framework */ = {isa = PBXFileReference; lastKnownFileType = wrapper.framework; path = TwitterCore.framework; sourceTree = SOURCE_ROOT; };
/* End PBXFileReference section */

/* Begin PBXFrameworksBuildPhase section */
		13DD26B71EBA455200E7C293 /* Frameworks */ = {
			isa = PBXFrameworksBuildPhase;
			buildActionMask = 2147483647;
			files = (
				B7132E4F1EC3DBFA00A570DB /* Fabric.framework in Frameworks */,
				B7132E521EC3DBFA00A570DB /* TwitterCore.framework in Frameworks */,
				B7132E501EC3DBFA00A570DB /* TwitterKit.framework in Frameworks */,
			);
			runOnlyForDeploymentPostprocessing = 0;
		};
		13DD26CD1EBA455200E7C293 /* Frameworks */ = {
			isa = PBXFrameworksBuildPhase;
			buildActionMask = 2147483647;
			files = (
			);
			runOnlyForDeploymentPostprocessing = 0;
		};
		13DD26D81EBA455200E7C293 /* Frameworks */ = {
			isa = PBXFrameworksBuildPhase;
			buildActionMask = 2147483647;
			files = (
			);
			runOnlyForDeploymentPostprocessing = 0;
		};
/* End PBXFrameworksBuildPhase section */

/* Begin PBXGroup section */
		13DD26B11EBA455100E7C293 = {
			isa = PBXGroup;
			children = (
				13DD26BC1EBA455200E7C293 /* lionsApp */,
				13DD26D31EBA455200E7C293 /* lionsAppTests */,
				13DD26DE1EBA455200E7C293 /* lionsAppUITests */,
				13DD26BB1EBA455200E7C293 /* Products */,
			);
			sourceTree = "<group>";
		};
		13DD26BB1EBA455200E7C293 /* Products */ = {
			isa = PBXGroup;
			children = (
				13DD26BA1EBA455200E7C293 /* lionsApp.app */,
				13DD26D01EBA455200E7C293 /* lionsAppTests.xctest */,
				13DD26DB1EBA455200E7C293 /* lionsAppUITests.xctest */,
			);
			name = Products;
			sourceTree = "<group>";
		};
		13DD26BC1EBA455200E7C293 /* lionsApp */ = {
			isa = PBXGroup;
			children = (
				B7132E4B1EC3DBFA00A570DB /* Fabric.framework */,
				B7132E4C1EC3DBFA00A570DB /* TwitterKit.framework */,
				B7132E4D1EC3DBFA00A570DB /* TwitterKitResources.bundle */,
				B7132E4E1EC3DBFA00A570DB /* TwitterCore.framework */,
				13DD26BD1EBA455200E7C293 /* AppDelegate.swift */,
				13DD26BF1EBA455200E7C293 /* HomeViewController.swift */,
				13DD26C11EBA455200E7C293 /* CalendarViewController.swift */,
				13DD26ED1EBA49CA00E7C293 /* MapViewController.swift */,
				13DD26EF1EBA49E100E7C293 /* MoreViewController.swift */,
				13DD26F11EBA4A4100E7C293 /* HelpViewController.swift */,
				13DD26C31EBA455200E7C293 /* Main.storyboard */,
				13DD26C61EBA455200E7C293 /* Assets.xcassets */,
				13DD26C81EBA455200E7C293 /* LaunchScreen.storyboard */,
				13DD26CB1EBA455200E7C293 /* Info.plist */,
			);
			path = lionsApp;
			sourceTree = "<group>";
		};
		13DD26D31EBA455200E7C293 /* lionsAppTests */ = {
			isa = PBXGroup;
			children = (
				13DD26D41EBA455200E7C293 /* lionsAppTests.swift */,
				13DD26D61EBA455200E7C293 /* Info.plist */,
			);
			path = lionsAppTests;
			sourceTree = "<group>";
		};
		13DD26DE1EBA455200E7C293 /* lionsAppUITests */ = {
			isa = PBXGroup;
			children = (
				13DD26DF1EBA455200E7C293 /* lionsAppUITests.swift */,
				13DD26E11EBA455200E7C293 /* Info.plist */,
			);
			path = lionsAppUITests;
			sourceTree = "<group>";
		};
/* End PBXGroup section */

/* Begin PBXNativeTarget section */
		13DD26B91EBA455200E7C293 /* lionsApp */ = {
			isa = PBXNativeTarget;
			buildConfigurationList = 13DD26E41EBA455200E7C293 /* Build configuration list for PBXNativeTarget "lionsApp" */;
			buildPhases = (
				13DD26B61EBA455200E7C293 /* Sources */,
				13DD26B71EBA455200E7C293 /* Frameworks */,
				13DD26B81EBA455200E7C293 /* Resources */,
				B7132E4A1EC3DBE000A570DB /* ShellScript */,
			);
			buildRules = (
			);
			dependencies = (
			);
			name = lionsApp;
			productName = lionsApp;
			productReference = 13DD26BA1EBA455200E7C293 /* lionsApp.app */;
			productType = "com.apple.product-type.application";
		};
		13DD26CF1EBA455200E7C293 /* lionsAppTests */ = {
			isa = PBXNativeTarget;
			buildConfigurationList = 13DD26E71EBA455200E7C293 /* Build configuration list for PBXNativeTarget "lionsAppTests" */;
			buildPhases = (
				13DD26CC1EBA455200E7C293 /* Sources */,
				13DD26CD1EBA455200E7C293 /* Frameworks */,
				13DD26CE1EBA455200E7C293 /* Resources */,
			);
			buildRules = (
			);
			dependencies = (
				13DD26D21EBA455200E7C293 /* PBXTargetDependency */,
			);
			name = lionsAppTests;
			productName = lionsAppTests;
			productReference = 13DD26D01EBA455200E7C293 /* lionsAppTests.xctest */;
			productType = "com.apple.product-type.bundle.unit-test";
		};
		13DD26DA1EBA455200E7C293 /* lionsAppUITests */ = {
			isa = PBXNativeTarget;
			buildConfigurationList = 13DD26EA1EBA455200E7C293 /* Build configuration list for PBXNativeTarget "lionsAppUITests" */;
			buildPhases = (
				13DD26D71EBA455200E7C293 /* Sources */,
				13DD26D81EBA455200E7C293 /* Frameworks */,
				13DD26D91EBA455200E7C293 /* Resources */,
			);
			buildRules = (
			);
			dependencies = (
				13DD26DD1EBA455200E7C293 /* PBXTargetDependency */,
			);
			name = lionsAppUITests;
			productName = lionsAppUITests;
			productReference = 13DD26DB1EBA455200E7C293 /* lionsAppUITests.xctest */;
			productType = "com.apple.product-type.bundle.ui-testing";
		};
/* End PBXNativeTarget section */

/* Begin PBXProject section */
		13DD26B21EBA455100E7C293 /* Project object */ = {
			isa = PBXProject;
			attributes = {
				LastSwiftUpdateCheck = 0810;
				LastUpgradeCheck = 0820;
				ORGANIZATIONNAME = COHS;
				TargetAttributes = {
					13DD26B91EBA455200E7C293 = {
						CreatedOnToolsVersion = 8.1;
						ProvisioningStyle = Automatic;
					};
					13DD26CF1EBA455200E7C293 = {
						CreatedOnToolsVersion = 8.1;
						ProvisioningStyle = Automatic;
						TestTargetID = 13DD26B91EBA455200E7C293;
					};
					13DD26DA1EBA455200E7C293 = {
						CreatedOnToolsVersion = 8.1;
						ProvisioningStyle = Automatic;
						TestTargetID = 13DD26B91EBA455200E7C293;
					};
				};
			};
			buildConfigurationList = 13DD26B51EBA455200E7C293 /* Build configuration list for PBXProject "lionsApp" */;
			compatibilityVersion = "Xcode 3.2";
			developmentRegion = English;
			hasScannedForEncodings = 0;
			knownRegions = (
				en,
				Base,
			);
			mainGroup = 13DD26B11EBA455100E7C293;
			productRefGroup = 13DD26BB1EBA455200E7C293 /* Products */;
			projectDirPath = "";
			projectRoot = "";
			targets = (
				13DD26B91EBA455200E7C293 /* lionsApp */,
				13DD26CF1EBA455200E7C293 /* lionsAppTests */,
				13DD26DA1EBA455200E7C293 /* lionsAppUITests */,
			);
		};
/* End PBXProject section */

/* Begin PBXResourcesBuildPhase section */
		13DD26B81EBA455200E7C293 /* Resources */ = {
			isa = PBXResourcesBuildPhase;
			buildActionMask = 2147483647;
			files = (
				B7132E511EC3DBFA00A570DB /* TwitterKitResources.bundle in Resources */,
				13DD26CA1EBA455200E7C293 /* LaunchScreen.storyboard in Resources */,
				13DD26C71EBA455200E7C293 /* Assets.xcassets in Resources */,
				13DD26C51EBA455200E7C293 /* Main.storyboard in Resources */,
			);
			runOnlyForDeploymentPostprocessing = 0;
		};
		13DD26CE1EBA455200E7C293 /* Resources */ = {
			isa = PBXResourcesBuildPhase;
			buildActionMask = 2147483647;
			files = (
			);
			runOnlyForDeploymentPostprocessing = 0;
		};
		13DD26D91EBA455200E7C293 /* Resources */ = {
			isa = PBXResourcesBuildPhase;
			buildActionMask = 2147483647;
			files = (
			);
			runOnlyForDeploymentPostprocessing = 0;
		};
/* End PBXResourcesBuildPhase section */

/* Begin PBXShellScriptBuildPhase section */
		B7132E4A1EC3DBE000A570DB /* ShellScript */ = {
			isa = PBXShellScriptBuildPhase;
			buildActionMask = 2147483647;
			files = (
			);
			inputPaths = (
			);
			outputPaths = (
			);
			runOnlyForDeploymentPostprocessing = 0;
			shellPath = /bin/sh;
			shellScript = "./Fabric.framework/run 57c134a4747ca0a572bfca1bf1cccb0e4e4580de 72f3e1db07885f4b3014aca6864a771636aafaa227d75fc06176412e5f4bd04b";
		};
/* End PBXShellScriptBuildPhase section */

/* Begin PBXSourcesBuildPhase section */
		13DD26B61EBA455200E7C293 /* Sources */ = {
			isa = PBXSourcesBuildPhase;
			buildActionMask = 2147483647;
			files = (
				13DD26F01EBA49E100E7C293 /* MoreViewController.swift in Sources */,
				13DD26F21EBA4A4100E7C293 /* HelpViewController.swift in Sources */,
				13DD26C21EBA455200E7C293 /* CalendarViewController.swift in Sources */,
				13DD26BE1EBA455200E7C293 /* AppDelegate.swift in Sources */,
				13DD26C01EBA455200E7C293 /* HomeViewController.swift in Sources */,
				13DD26EE1EBA49CA00E7C293 /* MapViewController.swift in Sources */,
			);
			runOnlyForDeploymentPostprocessing = 0;
		};
		13DD26CC1EBA455200E7C293 /* Sources */ = {
			isa = PBXSourcesBuildPhase;
			buildActionMask = 2147483647;
			files = (
				13DD26D51EBA455200E7C293 /* lionsAppTests.swift in Sources */,
			);
			runOnlyForDeploymentPostprocessing = 0;
		};
		13DD26D71EBA455200E7C293 /* Sources */ = {
			isa = PBXSourcesBuildPhase;
			buildActionMask = 2147483647;
			files = (
				13DD26E01EBA455200E7C293 /* lionsAppUITests.swift in Sources */,
			);
			runOnlyForDeploymentPostprocessing = 0;
		};
/* End PBXSourcesBuildPhase section */

/* Begin PBXTargetDependency section */
		13DD26D21EBA455200E7C293 /* PBXTargetDependency */ = {
			isa = PBXTargetDependency;
			target = 13DD26B91EBA455200E7C293 /* lionsApp */;
			targetProxy = 13DD26D11EBA455200E7C293 /* PBXContainerItemProxy */;
		};
		13DD26DD1EBA455200E7C293 /* PBXTargetDependency */ = {
			isa = PBXTargetDependency;
			target = 13DD26B91EBA455200E7C293 /* lionsApp */;
			targetProxy = 13DD26DC1EBA455200E7C293 /* PBXContainerItemProxy */;
		};
/* End PBXTargetDependency section */

/* Begin PBXVariantGroup section */
		13DD26C31EBA455200E7C293 /* Main.storyboard */ = {
			isa = PBXVariantGroup;
			children = (
				13DD26C41EBA455200E7C293 /* Base */,
			);
			name = Main.storyboard;
			sourceTree = "<group>";
		};
		13DD26C81EBA455200E7C293 /* LaunchScreen.storyboard */ = {
			isa = PBXVariantGroup;
			children = (
				13DD26C91EBA455200E7C293 /* Base */,
			);
			name = LaunchScreen.storyboard;
			sourceTree = "<group>";
		};
/* End PBXVariantGroup section */

/* Begin XCBuildConfiguration section */
		13DD26E21EBA455200E7C293 /* Debug */ = {
			isa = XCBuildConfiguration;
			buildSettings = {
				ALWAYS_SEARCH_USER_PATHS = NO;
				CLANG_ANALYZER_NONNULL = YES;
				CLANG_CXX_LANGUAGE_STANDARD = "gnu++0x";
				CLANG_CXX_LIBRARY = "libc++";
				CLANG_ENABLE_MODULES = YES;
				CLANG_ENABLE_OBJC_ARC = YES;
				CLANG_WARN_BOOL_CONVERSION = YES;
				CLANG_WARN_CONSTANT_CONVERSION = YES;
				CLANG_WARN_DIRECT_OBJC_ISA_USAGE = YES_ERROR;
				CLANG_WARN_DOCUMENTATION_COMMENTS = YES;
				CLANG_WARN_EMPTY_BODY = YES;
				CLANG_WARN_ENUM_CONVERSION = YES;
				CLANG_WARN_INFINITE_RECURSION = YES;
				CLANG_WARN_INT_CONVERSION = YES;
				CLANG_WARN_OBJC_ROOT_CLASS = YES_ERROR;
				CLANG_WARN_SUSPICIOUS_MOVE = YES;
				CLANG_WARN_SUSPICIOUS_MOVES = YES;
				CLANG_WARN_UNREACHABLE_CODE = YES;
				CLANG_WARN__DUPLICATE_METHOD_MATCH = YES;
				"CODE_SIGN_IDENTITY[sdk=iphoneos*]" = "iPhone Developer";
				COPY_PHASE_STRIP = NO;
				DEBUG_INFORMATION_FORMAT = dwarf;
				ENABLE_STRICT_OBJC_MSGSEND = YES;
				ENABLE_TESTABILITY = YES;
				GCC_C_LANGUAGE_STANDARD = gnu99;
				GCC_DYNAMIC_NO_PIC = NO;
				GCC_NO_COMMON_BLOCKS = YES;
				GCC_OPTIMIZATION_LEVEL = 0;
				GCC_PREPROCESSOR_DEFINITIONS = (
					"DEBUG=1",
					"$(inherited)",
				);
				GCC_WARN_64_TO_32_BIT_CONVERSION = YES;
				GCC_WARN_ABOUT_RETURN_TYPE = YES_ERROR;
				GCC_WARN_UNDECLARED_SELECTOR = YES;
				GCC_WARN_UNINITIALIZED_AUTOS = YES_AGGRESSIVE;
				GCC_WARN_UNUSED_FUNCTION = YES;
				GCC_WARN_UNUSED_VARIABLE = YES;
				IPHONEOS_DEPLOYMENT_TARGET = 10.1;
				MTL_ENABLE_DEBUG_INFO = YES;
				ONLY_ACTIVE_ARCH = YES;
				SDKROOT = iphoneos;
				SWIFT_ACTIVE_COMPILATION_CONDITIONS = DEBUG;
				SWIFT_OPTIMIZATION_LEVEL = "-Onone";
				TARGETED_DEVICE_FAMILY = "1,2";
			};
			name = Debug;
		};
		13DD26E31EBA455200E7C293 /* Release */ = {
			isa = XCBuildConfiguration;
			buildSettings = {
				ALWAYS_SEARCH_USER_PATHS = NO;
				CLANG_ANALYZER_NONNULL = YES;
				CLANG_CXX_LANGUAGE_STANDARD = "gnu++0x";
				CLANG_CXX_LIBRARY = "libc++";
				CLANG_ENABLE_MODULES = YES;
				CLANG_ENABLE_OBJC_ARC = YES;
				CLANG_WARN_BOOL_CONVERSION = YES;
				CLANG_WARN_CONSTANT_CONVERSION = YES;
				CLANG_WARN_DIRECT_OBJC_ISA_USAGE = YES_ERROR;
				CLANG_WARN_DOCUMENTATION_COMMENTS = YES;
				CLANG_WARN_EMPTY_BODY = YES;
				CLANG_WARN_ENUM_CONVERSION = YES;
				CLANG_WARN_INFINITE_RECURSION = YES;
				CLANG_WARN_INT_CONVERSION = YES;
				CLANG_WARN_OBJC_ROOT_CLASS = YES_ERROR;
				CLANG_WARN_SUSPICIOUS_MOVE = YES;
				CLANG_WARN_SUSPICIOUS_MOVES = YES;
				CLANG_WARN_UNREACHABLE_CODE = YES;
				CLANG_WARN__DUPLICATE_METHOD_MATCH = YES;
				"CODE_SIGN_IDENTITY[sdk=iphoneos*]" = "iPhone Developer";
				COPY_PHASE_STRIP = NO;
				DEBUG_INFORMATION_FORMAT = "dwarf-with-dsym";
				ENABLE_NS_ASSERTIONS = NO;
				ENABLE_STRICT_OBJC_MSGSEND = YES;
				GCC_C_LANGUAGE_STANDARD = gnu99;
				GCC_NO_COMMON_BLOCKS = YES;
				GCC_WARN_64_TO_32_BIT_CONVERSION = YES;
				GCC_WARN_ABOUT_RETURN_TYPE = YES_ERROR;
				GCC_WARN_UNDECLARED_SELECTOR = YES;
				GCC_WARN_UNINITIALIZED_AUTOS = YES_AGGRESSIVE;
				GCC_WARN_UNUSED_FUNCTION = YES;
				GCC_WARN_UNUSED_VARIABLE = YES;
				IPHONEOS_DEPLOYMENT_TARGET = 10.1;
				MTL_ENABLE_DEBUG_INFO = NO;
				SDKROOT = iphoneos;
				SWIFT_OPTIMIZATION_LEVEL = "-Owholemodule";
				TARGETED_DEVICE_FAMILY = "1,2";
				VALIDATE_PRODUCT = YES;
			};
			name = Release;
		};
		13DD26E51EBA455200E7C293 /* Debug */ = {
			isa = XCBuildConfiguration;
			buildSettings = {
				ASSETCATALOG_COMPILER_APPICON_NAME = AppIcon;
				DEBUG_INFORMATION_FORMAT = "dwarf-with-dsym";
				FRAMEWORK_SEARCH_PATHS = (
					"$(inherited)",
					"$(PROJECT_DIR)",
				);
				INFOPLIST_FILE = lionsApp/Info.plist;
				LD_RUNPATH_SEARCH_PATHS = "$(inherited) @executable_path/Frameworks";
				PRODUCT_BUNDLE_IDENTIFIER = COHS.lionsApp;
				PRODUCT_NAME = "$(TARGET_NAME)";
				SWIFT_VERSION = 3.0;
				VALIDATE_PRODUCT = NO;
			};
			name = Debug;
		};
		13DD26E61EBA455200E7C293 /* Release */ = {
			isa = XCBuildConfiguration;
			buildSettings = {
				ASSETCATALOG_COMPILER_APPICON_NAME = AppIcon;
				DEBUG_INFORMATION_FORMAT = "dwarf-with-dsym";
				FRAMEWORK_SEARCH_PATHS = (
					"$(inherited)",
					"$(PROJECT_DIR)",
				);
				INFOPLIST_FILE = lionsApp/Info.plist;
				LD_RUNPATH_SEARCH_PATHS = "$(inherited) @executable_path/Frameworks";
				PRODUCT_BUNDLE_IDENTIFIER = COHS.lionsApp;
				PRODUCT_NAME = "$(TARGET_NAME)";
				SWIFT_VERSION = 3.0;
			};
			name = Release;
		};
		13DD26E81EBA455200E7C293 /* Debug */ = {
			isa = XCBuildConfiguration;
			buildSettings = {
				ALWAYS_EMBED_SWIFT_STANDARD_LIBRARIES = YES;
				BUNDLE_LOADER = "$(TEST_HOST)";
				INFOPLIST_FILE = lionsAppTests/Info.plist;
				LD_RUNPATH_SEARCH_PATHS = "$(inherited) @executable_path/Frameworks @loader_path/Frameworks";
				PRODUCT_BUNDLE_IDENTIFIER = COHS.lionsAppTests;
				PRODUCT_NAME = "$(TARGET_NAME)";
				SWIFT_VERSION = 3.0;
				TEST_HOST = "$(BUILT_PRODUCTS_DIR)/lionsApp.app/lionsApp";
			};
			name = Debug;
		};
		13DD26E91EBA455200E7C293 /* Release */ = {
			isa = XCBuildConfiguration;
			buildSettings = {
				ALWAYS_EMBED_SWIFT_STANDARD_LIBRARIES = YES;
				BUNDLE_LOADER = "$(TEST_HOST)";
				INFOPLIST_FILE = lionsAppTests/Info.plist;
				LD_RUNPATH_SEARCH_PATHS = "$(inherited) @executable_path/Frameworks @loader_path/Frameworks";
				PRODUCT_BUNDLE_IDENTIFIER = COHS.lionsAppTests;
				PRODUCT_NAME = "$(TARGET_NAME)";
				SWIFT_VERSION = 3.0;
				TEST_HOST = "$(BUILT_PRODUCTS_DIR)/lionsApp.app/lionsApp";
			};
			name = Release;
		};
		13DD26EB1EBA455200E7C293 /* Debug */ = {
			isa = XCBuildConfiguration;
			buildSettings = {
				ALWAYS_EMBED_SWIFT_STANDARD_LIBRARIES = YES;
				INFOPLIST_FILE = lionsAppUITests/Info.plist;
				LD_RUNPATH_SEARCH_PATHS = "$(inherited) @executable_path/Frameworks @loader_path/Frameworks";
				PRODUCT_BUNDLE_IDENTIFIER = COHS.lionsAppUITests;
				PRODUCT_NAME = "$(TARGET_NAME)";
				SWIFT_VERSION = 3.0;
				TEST_TARGET_NAME = lionsApp;
			};
			name = Debug;
		};
		13DD26EC1EBA455200E7C293 /* Release */ = {
			isa = XCBuildConfiguration;
			buildSettings = {
				ALWAYS_EMBED_SWIFT_STANDARD_LIBRARIES = YES;
				INFOPLIST_FILE = lionsAppUITests/Info.plist;
				LD_RUNPATH_SEARCH_PATHS = "$(inherited) @executable_path/Frameworks @loader_path/Frameworks";
				PRODUCT_BUNDLE_IDENTIFIER = COHS.lionsAppUITests;
				PRODUCT_NAME = "$(TARGET_NAME)";
				SWIFT_VERSION = 3.0;
				TEST_TARGET_NAME = lionsApp;
			};
			name = Release;
		};
/* End XCBuildConfiguration section */

/* Begin XCConfigurationList section */
		13DD26B51EBA455200E7C293 /* Build configuration list for PBXProject "lionsApp" */ = {
			isa = XCConfigurationList;
			buildConfigurations = (
				13DD26E21EBA455200E7C293 /* Debug */,
				13DD26E31EBA455200E7C293 /* Release */,
			);
			defaultConfigurationIsVisible = 0;
			defaultConfigurationName = Release;
		};
		13DD26E41EBA455200E7C293 /* Build configuration list for PBXNativeTarget "lionsApp" */ = {
			isa = XCConfigurationList;
			buildConfigurations = (
				13DD26E51EBA455200E7C293 /* Debug */,
				13DD26E61EBA455200E7C293 /* Release */,
			);
			defaultConfigurationIsVisible = 0;
			defaultConfigurationName = Release;
		};
		13DD26E71EBA455200E7C293 /* Build configuration list for PBXNativeTarget "lionsAppTests" */ = {
			isa = XCConfigurationList;
			buildConfigurations = (
				13DD26E81EBA455200E7C293 /* Debug */,
				13DD26E91EBA455200E7C293 /* Release */,
			);
			defaultConfigurationIsVisible = 0;
			defaultConfigurationName = Release;
		};
		13DD26EA1EBA455200E7C293 /* Build configuration list for PBXNativeTarget "lionsAppUITests" */ = {
			isa = XCConfigurationList;
			buildConfigurations = (
				13DD26EB1EBA455200E7C293 /* Debug */,
				13DD26EC1EBA455200E7C293 /* Release */,
			);
			defaultConfigurationIsVisible = 0;
			defaultConfigurationName = Release;
		};
/* End XCConfigurationList section */
	};
	rootObject = 13DD26B21EBA455100E7C293 /* Project object */;
}
